
Microsoft Visual Studio Solution File, Format Version 12.00
# Visual Studio 2013
VisualStudioVersion = 12.0.21005.1
MinimumVisualStudioVersion = 10.0.40219.1
Project("{FAE04EC0-301F-11D3-BF4B-00C04F79EFBC}") = "01.DecimalToBinary", "01.DecimalToBinary\01.DecimalToBinary.csproj", "{8BFFBAA4-D68C-483C-A3C6-28E0FF69676D}"
EndProject
Project("{FAE04EC0-301F-11D3-BF4B-00C04F79EFBC}") = "02.BinaryToDecimal", "02.BinaryToDecimal\02.BinaryToDecimal.csproj", "{F07EF2BD-9EC0-4697-B0B4-F4FF8386C031}"
EndProject
Project("{FAE04EC0-301F-11D3-BF4B-00C04F79EFBC}") = "03.DecimalToHexadecimal", "03.DecimalToHexadecimal\03.DecimalToHexadecimal.csproj", "{68550F18-96BB-4820-BD2E-57845A6B7DA2}"
EndProject
Project("{FAE04EC0-301F-11D3-BF4B-00C04F79EFBC}") = "04.HexadecimalToDecimal", "04.HexadecimalToDecimal\04.HexadecimalToDecimal.csproj", "{49E90308-46CB-441B-A606-E62C83569821}"
EndProject
Project("{FAE04EC0-301F-11D3-BF4B-00C04F79EFBC}") = "05.HexadecimalToBinary", "05.HexadecimalToBinary\05.HexadecimalToBinary.csproj", "{819E9D11-A4AF-4FC5-8D5E-B6C607398B2B}"
EndProject
Project("{FAE04EC0-301F-11D3-BF4B-00C04F79EFBC}") = "06.BinaryToHexadecimal", "06.BinaryToHexadecimal\06.BinaryToHexadecimal.csproj", "{1FEA2237-C2AE-4404-A078-2A398F4A96F5}"
EndProject
Project("{FAE04EC0-301F-11D3-BF4B-00C04F79EFBC}") = "07.OneSystemToAnyOther", "07.OneSystemToAnyOther\07.OneSystemToAnyOther.csproj", "{E00EAD3D-47EA-4DBE-BEF7-2ACE4BA42CE9}"
EndProject
Project("{FAE04EC0-301F-11D3-BF4B-00C04F79EFBC}") = "08.BinaryShort", "08.BinaryShort\08.BinaryShort.csproj", "{B28AB7B2-7D59-401B-BE5C-7A0466DF3C01}"
EndProject
Global
	GlobalSection(SolutionConfigurationPlatforms) = preSolution
		Debug|Any CPU = Debug|Any CPU
		Release|Any CPU = Release|Any CPU
	EndGlobalSection
	GlobalSection(ProjectConfigurationPlatforms) = postSolution
		{8BFFBAA4-D68C-483C-A3C6-28E0FF69676D}.Debug|Any CPU.ActiveCfg = Debug|Any CPU
		{8BFFBAA4-D68C-483C-A3C6-28E0FF69676D}.Debug|Any CPU.Build.0 = Debug|Any CPU
		{8BFFBAA4-D68C-483C-A3C6-28E0FF69676D}.Release|Any CPU.ActiveCfg = Release|Any CPU
		{8BFFBAA4-D68C-483C-A3C6-28E0FF69676D}.Release|Any CPU.Build.0 = Release|Any CPU
		{F07EF2BD-9EC0-4697-B0B4-F4FF8386C031}.Debug|Any CPU.ActiveCfg = Debug|Any CPU
		{F07EF2BD-9EC0-4697-B0B4-F4FF8386C031}.Debug|Any CPU.Build.0 = Debug|Any CPU
		{F07EF2BD-9EC0-4697-B0B4-F4FF8386C031}.Release|Any CPU.ActiveCfg = Release|Any CPU
		{F07EF2BD-9EC0-4697-B0B4-F4FF8386C031}.Release|Any CPU.Build.0 = Release|Any CPU
		{68550F18-96BB-4820-BD2E-57845A6B7DA2}.Debug|Any CPU.ActiveCfg = Debug|Any CPU
		{68550F18-96BB-4820-BD2E-57845A6B7DA2}.Debug|Any CPU.Build.0 = Debug|Any CPU
		{68550F18-96BB-4820-BD2E-57845A6B7DA2}.Release|Any CPU.ActiveCfg = Release|Any CPU
		{68550F18-96BB-4820-BD2E-57845A6B7DA2}.Release|Any CPU.Build.0 = Release|Any CPU
		{49E90308-46CB-441B-A606-E62C83569821}.Debug|Any CPU.ActiveCfg = Debug|Any CPU
		{49E90308-46CB-441B-A606-E62C83569821}.Debug|Any CPU.Build.0 = Debug|Any CPU
		{49E90308-46CB-441B-A606-E62C83569821}.Release|Any CPU.ActiveCfg = Release|Any CPU
		{49E90308-46CB-441B-A606-E62C83569821}.Release|Any CPU.Build.0 = Release|Any CPU
		{819E9D11-A4AF-4FC5-8D5E-B6C607398B2B}.Debug|Any CPU.ActiveCfg = Debug|Any CPU
		{819E9D11-A4AF-4FC5-8D5E-B6C607398B2B}.Debug|Any CPU.Build.0 = Debug|Any CPU
		{819E9D11-A4AF-4FC5-8D5E-B6C607398B2B}.Release|Any CPU.ActiveCfg = Release|Any CPU
		{819E9D11-A4AF-4FC5-8D5E-B6C607398B2B}.Release|Any CPU.Build.0 = Release|Any CPU
		{1FEA2237-C2AE-4404-A078-2A398F4A96F5}.Debug|Any CPU.ActiveCfg = Debug|Any CPU
		{1FEA2237-C2AE-4404-A078-2A398F4A96F5}.Debug|Any CPU.Build.0 = Debug|Any CPU
		{1FEA2237-C2AE-4404-A078-2A398F4A96F5}.Release|Any CPU.ActiveCfg = Release|Any CPU
		{1FEA2237-C2AE-4404-A078-2A398F4A96F5}.Release|Any CPU.Build.0 = Release|Any CPU
		{E00EAD3D-47EA-4DBE-BEF7-2ACE4BA42CE9}.Debug|Any CPU.ActiveCfg = Debug|Any CPU
		{E00EAD3D-47EA-4DBE-BEF7-2ACE4BA42CE9}.Debug|Any CPU.Build.0 = Debug|Any CPU
		{E00EAD3D-47EA-4DBE-BEF7-2ACE4BA42CE9}.Release|Any CPU.ActiveCfg = Release|Any CPU
		{E00EAD3D-47EA-4DBE-BEF7-2ACE4BA42CE9}.Release|Any CPU.Build.0 = Release|Any CPU
		{B28AB7B2-7D59-401B-BE5C-7A0466DF3C01}.Debug|Any CPU.ActiveCfg = Debug|Any CPU
		{B28AB7B2-7D59-401B-BE5C-7A0466DF3C01}.Debug|Any CPU.Build.0 = Debug|Any CPU
		{B28AB7B2-7D59-401B-BE5C-7A0466DF3C01}.Release|Any CPU.ActiveCfg = Release|Any CPU
		{B28AB7B2-7D59-401B-BE5C-7A0466DF3C01}.Release|Any CPU.Build.0 = Release|Any CPU
	EndGlobalSection
	GlobalSection(SolutionProperties) = preSolution
		HideSolutionNode = FALSE
	EndGlobalSection
EndGlobal
