
Microsoft Visual Studio Solution File, Format Version 12.00
# Visual Studio 2013
VisualStudioVersion = 12.0.21005.1
MinimumVisualStudioVersion = 10.0.40219.1
Project("{FAE04EC0-301F-11D3-BF4B-00C04F79EFBC}") = "TwoGirlsOnePath", "TwoGirlsOnePath\TwoGirlsOnePath.csproj", "{EBB36604-1EE3-4873-8878-2D6404665861}"
EndProject
Global
	GlobalSection(SolutionConfigurationPlatforms) = preSolution
		Debug|Any CPU = Debug|Any CPU
		Release|Any CPU = Release|Any CPU
	EndGlobalSection
	GlobalSection(ProjectConfigurationPlatforms) = postSolution
		{EBB36604-1EE3-4873-8878-2D6404665861}.Debug|Any CPU.ActiveCfg = Debug|Any CPU
		{EBB36604-1EE3-4873-8878-2D6404665861}.Debug|Any CPU.Build.0 = Debug|Any CPU
		{EBB36604-1EE3-4873-8878-2D6404665861}.Release|Any CPU.ActiveCfg = Release|Any CPU
		{EBB36604-1EE3-4873-8878-2D6404665861}.Release|Any CPU.Build.0 = Release|Any CPU
	EndGlobalSection
	GlobalSection(SolutionProperties) = preSolution
		HideSolutionNode = FALSE
	EndGlobalSection
EndGlobal
